
Microsoft Visual Studio Solution File, Format Version 12.00
# Visual Studio Version 17
VisualStudioVersion = 17.0.31903.59
MinimumVisualStudioVersion = 10.0.40219.1
Project("{2150E333-8FDC-42A3-9474-1A3956D46DE8}") = "src", "src", "{827E0CD3-B72D-47B6-A68D-7590B98EB39B}"
EndProject
Project("{F2A71F9B-5D33-465A-A702-920D77279786}") = "CargoTracker.Shared", "src\CargoTracker.Shared\CargoTracker.Shared.fsproj", "{4DDE69D6-9117-4D5E-8D2E-0597889AF2E0}"
EndProject
Project("{F2A71F9B-5D33-465A-A702-920D77279786}") = "CargoTracker.Web", "src\CargoTracker.Web\CargoTracker.Web.fsproj", "{8ACB41D5-5054-49F6-AB49-7DDB10365BD2}"
EndProject
Project("{F2A71F9B-5D33-465A-A702-920D77279786}") = "CargoTracker.Booking", "src\CargoTracker.Booking\CargoTracker.Booking.fsproj", "{E5BEF94F-173B-4285-BBBA-62412D65B7EF}"
EndProject
Project("{F2A71F9B-5D33-465A-A702-920D77279786}") = "CargoTracker.Shipper", "src\CargoTracker.Shipper\CargoTracker.Shipper.fsproj", "{49A5CF08-540A-4775-A888-0CF97EF31600}"
EndProject
Project("{F2A71F9B-5D33-465A-A702-920D77279786}") = "CargoTracker.Routing", "src\CargoTracker.Routing\CargoTracker.Routing.fsproj", "{8C6DC941-0EF6-48D3-ACB2-CF2D870517C3}"
EndProject
Project("{F2A71F9B-5D33-465A-A702-920D77279786}") = "CargoTracker.Tracking", "src\CargoTracker.Tracking\CargoTracker.Tracking.fsproj", "{939F7153-BEC4-456F-97C2-3655E0A3D6C2}"
EndProject
Project("{F2A71F9B-5D33-465A-A702-920D77279786}") = "CargoTracker.Handling", "src\CargoTracker.Handling\CargoTracker.Handling.fsproj", "{1D06621E-0C73-4AD4-8F4C-F80B907F60AD}"
EndProject
Project("{F2A71F9B-5D33-465A-A702-920D77279786}") = "CargoTracker.Billing", "src\CargoTracker.Billing\CargoTracker.Billing.fsproj", "{1C97B7A6-31B3-455D-BCDB-DD7FED4611D7}"
EndProject
Project("{F2A71F9B-5D33-465A-A702-920D77279786}") = "CargoTracker.Estimation", "src\CargoTracker.Estimation\CargoTracker.Estimation.fsproj", "{71450C9A-E60C-45F1-A43E-1EF74493CF87}"
EndProject
Project("{2150E333-8FDC-42A3-9474-1A3956D46DE8}") = "tests", "tests", "{0AB3BF05-4346-4AA6-1389-037BE0695223}"
EndProject
Project("{F2A71F9B-5D33-465A-A702-920D77279786}") = "CargoTracker.Tests", "tests\CargoTracker.Tests\CargoTracker.Tests.fsproj", "{A629F37F-9FA6-4889-8690-D4D51D4DB96C}"
EndProject
Project("{F2A71F9B-5D33-465A-A702-920D77279786}") = "CargoTracker.IntegrationTests", "tests\CargoTracker.IntegrationTests\CargoTracker.IntegrationTests.fsproj", "{02AADBE4-F8E3-430A-A677-1DABE20D88BF}"
EndProject
Project("{F2A71F9B-5D33-465A-A702-920D77279786}") = "CargoTracker.ArchTests", "tests\CargoTracker.ArchTests\CargoTracker.ArchTests.fsproj", "{0C0B8B6D-D802-4BC5-911F-1CCFF532451E}"
EndProject
Global
	GlobalSection(SolutionConfigurationPlatforms) = preSolution
		Debug|Any CPU = Debug|Any CPU
		Debug|x64 = Debug|x64
		Debug|x86 = Debug|x86
		Release|Any CPU = Release|Any CPU
		Release|x64 = Release|x64
		Release|x86 = Release|x86
	EndGlobalSection
	GlobalSection(ProjectConfigurationPlatforms) = postSolution
		{4DDE69D6-9117-4D5E-8D2E-0597889AF2E0}.Debug|Any CPU.ActiveCfg = Debug|Any CPU
		{4DDE69D6-9117-4D5E-8D2E-0597889AF2E0}.Debug|Any CPU.Build.0 = Debug|Any CPU
		{4DDE69D6-9117-4D5E-8D2E-0597889AF2E0}.Debug|x64.ActiveCfg = Debug|Any CPU
		{4DDE69D6-9117-4D5E-8D2E-0597889AF2E0}.Debug|x64.Build.0 = Debug|Any CPU
		{4DDE69D6-9117-4D5E-8D2E-0597889AF2E0}.Debug|x86.ActiveCfg = Debug|Any CPU
		{4DDE69D6-9117-4D5E-8D2E-0597889AF2E0}.Debug|x86.Build.0 = Debug|Any CPU
		{4DDE69D6-9117-4D5E-8D2E-0597889AF2E0}.Release|Any CPU.ActiveCfg = Release|Any CPU
		{4DDE69D6-9117-4D5E-8D2E-0597889AF2E0}.Release|Any CPU.Build.0 = Release|Any CPU
		{4DDE69D6-9117-4D5E-8D2E-0597889AF2E0}.Release|x64.ActiveCfg = Release|Any CPU
		{4DDE69D6-9117-4D5E-8D2E-0597889AF2E0}.Release|x64.Build.0 = Release|Any CPU
		{4DDE69D6-9117-4D5E-8D2E-0597889AF2E0}.Release|x86.ActiveCfg = Release|Any CPU
		{4DDE69D6-9117-4D5E-8D2E-0597889AF2E0}.Release|x86.Build.0 = Release|Any CPU
		{8ACB41D5-5054-49F6-AB49-7DDB10365BD2}.Debug|Any CPU.ActiveCfg = Debug|Any CPU
		{8ACB41D5-5054-49F6-AB49-7DDB10365BD2}.Debug|Any CPU.Build.0 = Debug|Any CPU
		{8ACB41D5-5054-49F6-AB49-7DDB10365BD2}.Debug|x64.ActiveCfg = Debug|Any CPU
		{8ACB41D5-5054-49F6-AB49-7DDB10365BD2}.Debug|x64.Build.0 = Debug|Any CPU
		{8ACB41D5-5054-49F6-AB49-7DDB10365BD2}.Debug|x86.ActiveCfg = Debug|Any CPU
		{8ACB41D5-5054-49F6-AB49-7DDB10365BD2}.Debug|x86.Build.0 = Debug|Any CPU
		{8ACB41D5-5054-49F6-AB49-7DDB10365BD2}.Release|Any CPU.ActiveCfg = Release|Any CPU
		{8ACB41D5-5054-49F6-AB49-7DDB10365BD2}.Release|Any CPU.Build.0 = Release|Any CPU
		{8ACB41D5-5054-49F6-AB49-7DDB10365BD2}.Release|x64.ActiveCfg = Release|Any CPU
		{8ACB41D5-5054-49F6-AB49-7DDB10365BD2}.Release|x64.Build.0 = Release|Any CPU
		{8ACB41D5-5054-49F6-AB49-7DDB10365BD2}.Release|x86.ActiveCfg = Release|Any CPU
		{8ACB41D5-5054-49F6-AB49-7DDB10365BD2}.Release|x86.Build.0 = Release|Any CPU
		{E5BEF94F-173B-4285-BBBA-62412D65B7EF}.Debug|Any CPU.ActiveCfg = Debug|Any CPU
		{E5BEF94F-173B-4285-BBBA-62412D65B7EF}.Debug|Any CPU.Build.0 = Debug|Any CPU
		{E5BEF94F-173B-4285-BBBA-62412D65B7EF}.Debug|x64.ActiveCfg = Debug|Any CPU
		{E5BEF94F-173B-4285-BBBA-62412D65B7EF}.Debug|x64.Build.0 = Debug|Any CPU
		{E5BEF94F-173B-4285-BBBA-62412D65B7EF}.Debug|x86.ActiveCfg = Debug|Any CPU
		{E5BEF94F-173B-4285-BBBA-62412D65B7EF}.Debug|x86.Build.0 = Debug|Any CPU
		{E5BEF94F-173B-4285-BBBA-62412D65B7EF}.Release|Any CPU.ActiveCfg = Release|Any CPU
		{E5BEF94F-173B-4285-BBBA-62412D65B7EF}.Release|Any CPU.Build.0 = Release|Any CPU
		{E5BEF94F-173B-4285-BBBA-62412D65B7EF}.Release|x64.ActiveCfg = Release|Any CPU
		{E5BEF94F-173B-4285-BBBA-62412D65B7EF}.Release|x64.Build.0 = Release|Any CPU
		{E5BEF94F-173B-4285-BBBA-62412D65B7EF}.Release|x86.ActiveCfg = Release|Any CPU
		{E5BEF94F-173B-4285-BBBA-62412D65B7EF}.Release|x86.Build.0 = Release|Any CPU
		{49A5CF08-540A-4775-A888-0CF97EF31600}.Debug|Any CPU.ActiveCfg = Debug|Any CPU
		{49A5CF08-540A-4775-A888-0CF97EF31600}.Debug|Any CPU.Build.0 = Debug|Any CPU
		{49A5CF08-540A-4775-A888-0CF97EF31600}.Debug|x64.ActiveCfg = Debug|Any CPU
		{49A5CF08-540A-4775-A888-0CF97EF31600}.Debug|x64.Build.0 = Debug|Any CPU
		{49A5CF08-540A-4775-A888-0CF97EF31600}.Debug|x86.ActiveCfg = Debug|Any CPU
		{49A5CF08-540A-4775-A888-0CF97EF31600}.Debug|x86.Build.0 = Debug|Any CPU
		{49A5CF08-540A-4775-A888-0CF97EF31600}.Release|Any CPU.ActiveCfg = Release|Any CPU
		{49A5CF08-540A-4775-A888-0CF97EF31600}.Release|Any CPU.Build.0 = Release|Any CPU
		{49A5CF08-540A-4775-A888-0CF97EF31600}.Release|x64.ActiveCfg = Release|Any CPU
		{49A5CF08-540A-4775-A888-0CF97EF31600}.Release|x64.Build.0 = Release|Any CPU
		{49A5CF08-540A-4775-A888-0CF97EF31600}.Release|x86.ActiveCfg = Release|Any CPU
		{49A5CF08-540A-4775-A888-0CF97EF31600}.Release|x86.Build.0 = Release|Any CPU
		{8C6DC941-0EF6-48D3-ACB2-CF2D870517C3}.Debug|Any CPU.ActiveCfg = Debug|Any CPU
		{8C6DC941-0EF6-48D3-ACB2-CF2D870517C3}.Debug|Any CPU.Build.0 = Debug|Any CPU
		{8C6DC941-0EF6-48D3-ACB2-CF2D870517C3}.Debug|x64.ActiveCfg = Debug|Any CPU
		{8C6DC941-0EF6-48D3-ACB2-CF2D870517C3}.Debug|x64.Build.0 = Debug|Any CPU
		{8C6DC941-0EF6-48D3-ACB2-CF2D870517C3}.Debug|x86.ActiveCfg = Debug|Any CPU
		{8C6DC941-0EF6-48D3-ACB2-CF2D870517C3}.Debug|x86.Build.0 = Debug|Any CPU
		{8C6DC941-0EF6-48D3-ACB2-CF2D870517C3}.Release|Any CPU.ActiveCfg = Release|Any CPU
		{8C6DC941-0EF6-48D3-ACB2-CF2D870517C3}.Release|Any CPU.Build.0 = Release|Any CPU
		{8C6DC941-0EF6-48D3-ACB2-CF2D870517C3}.Release|x64.ActiveCfg = Release|Any CPU
		{8C6DC941-0EF6-48D3-ACB2-CF2D870517C3}.Release|x64.Build.0 = Release|Any CPU
		{8C6DC941-0EF6-48D3-ACB2-CF2D870517C3}.Release|x86.ActiveCfg = Release|Any CPU
		{8C6DC941-0EF6-48D3-ACB2-CF2D870517C3}.Release|x86.Build.0 = Release|Any CPU
		{939F7153-BEC4-456F-97C2-3655E0A3D6C2}.Debug|Any CPU.ActiveCfg = Debug|Any CPU
		{939F7153-BEC4-456F-97C2-3655E0A3D6C2}.Debug|Any CPU.Build.0 = Debug|Any CPU
		{939F7153-BEC4-456F-97C2-3655E0A3D6C2}.Debug|x64.ActiveCfg = Debug|Any CPU
		{939F7153-BEC4-456F-97C2-3655E0A3D6C2}.Debug|x64.Build.0 = Debug|Any CPU
		{939F7153-BEC4-456F-97C2-3655E0A3D6C2}.Debug|x86.ActiveCfg = Debug|Any CPU
		{939F7153-BEC4-456F-97C2-3655E0A3D6C2}.Debug|x86.Build.0 = Debug|Any CPU
		{939F7153-BEC4-456F-97C2-3655E0A3D6C2}.Release|Any CPU.ActiveCfg = Release|Any CPU
		{939F7153-BEC4-456F-97C2-3655E0A3D6C2}.Release|Any CPU.Build.0 = Release|Any CPU
		{939F7153-BEC4-456F-97C2-3655E0A3D6C2}.Release|x64.ActiveCfg = Release|Any CPU
		{939F7153-BEC4-456F-97C2-3655E0A3D6C2}.Release|x64.Build.0 = Release|Any CPU
		{939F7153-BEC4-456F-97C2-3655E0A3D6C2}.Release|x86.ActiveCfg = Release|Any CPU
		{939F7153-BEC4-456F-97C2-3655E0A3D6C2}.Release|x86.Build.0 = Release|Any CPU
		{1D06621E-0C73-4AD4-8F4C-F80B907F60AD}.Debug|Any CPU.ActiveCfg = Debug|Any CPU
		{1D06621E-0C73-4AD4-8F4C-F80B907F60AD}.Debug|Any CPU.Build.0 = Debug|Any CPU
		{1D06621E-0C73-4AD4-8F4C-F80B907F60AD}.Debug|x64.ActiveCfg = Debug|Any CPU
		{1D06621E-0C73-4AD4-8F4C-F80B907F60AD}.Debug|x64.Build.0 = Debug|Any CPU
		{1D06621E-0C73-4AD4-8F4C-F80B907F60AD}.Debug|x86.ActiveCfg = Debug|Any CPU
		{1D06621E-0C73-4AD4-8F4C-F80B907F60AD}.Debug|x86.Build.0 = Debug|Any CPU
		{1D06621E-0C73-4AD4-8F4C-F80B907F60AD}.Release|Any CPU.ActiveCfg = Release|Any CPU
		{1D06621E-0C73-4AD4-8F4C-F80B907F60AD}.Release|Any CPU.Build.0 = Release|Any CPU
		{1D06621E-0C73-4AD4-8F4C-F80B907F60AD}.Release|x64.ActiveCfg = Release|Any CPU
		{1D06621E-0C73-4AD4-8F4C-F80B907F60AD}.Release|x64.Build.0 = Release|Any CPU
		{1D06621E-0C73-4AD4-8F4C-F80B907F60AD}.Release|x86.ActiveCfg = Release|Any CPU
		{1D06621E-0C73-4AD4-8F4C-F80B907F60AD}.Release|x86.Build.0 = Release|Any CPU
		{1C97B7A6-31B3-455D-BCDB-DD7FED4611D7}.Debug|Any CPU.ActiveCfg = Debug|Any CPU
		{1C97B7A6-31B3-455D-BCDB-DD7FED4611D7}.Debug|Any CPU.Build.0 = Debug|Any CPU
		{1C97B7A6-31B3-455D-BCDB-DD7FED4611D7}.Debug|x64.ActiveCfg = Debug|Any CPU
		{1C97B7A6-31B3-455D-BCDB-DD7FED4611D7}.Debug|x64.Build.0 = Debug|Any CPU
		{1C97B7A6-31B3-455D-BCDB-DD7FED4611D7}.Debug|x86.ActiveCfg = Debug|Any CPU
		{1C97B7A6-31B3-455D-BCDB-DD7FED4611D7}.Debug|x86.Build.0 = Debug|Any CPU
		{1C97B7A6-31B3-455D-BCDB-DD7FED4611D7}.Release|Any CPU.ActiveCfg = Release|Any CPU
		{1C97B7A6-31B3-455D-BCDB-DD7FED4611D7}.Release|Any CPU.Build.0 = Release|Any CPU
		{1C97B7A6-31B3-455D-BCDB-DD7FED4611D7}.Release|x64.ActiveCfg = Release|Any CPU
		{1C97B7A6-31B3-455D-BCDB-DD7FED4611D7}.Release|x64.Build.0 = Release|Any CPU
		{1C97B7A6-31B3-455D-BCDB-DD7FED4611D7}.Release|x86.ActiveCfg = Release|Any CPU
		{1C97B7A6-31B3-455D-BCDB-DD7FED4611D7}.Release|x86.Build.0 = Release|Any CPU
		{71450C9A-E60C-45F1-A43E-1EF74493CF87}.Debug|Any CPU.ActiveCfg = Debug|Any CPU
		{71450C9A-E60C-45F1-A43E-1EF74493CF87}.Debug|Any CPU.Build.0 = Debug|Any CPU
		{71450C9A-E60C-45F1-A43E-1EF74493CF87}.Debug|x64.ActiveCfg = Debug|Any CPU
		{71450C9A-E60C-45F1-A43E-1EF74493CF87}.Debug|x64.Build.0 = Debug|Any CPU
		{71450C9A-E60C-45F1-A43E-1EF74493CF87}.Debug|x86.ActiveCfg = Debug|Any CPU
		{71450C9A-E60C-45F1-A43E-1EF74493CF87}.Debug|x86.Build.0 = Debug|Any CPU
		{71450C9A-E60C-45F1-A43E-1EF74493CF87}.Release|Any CPU.ActiveCfg = Release|Any CPU
		{71450C9A-E60C-45F1-A43E-1EF74493CF87}.Release|Any CPU.Build.0 = Release|Any CPU
		{71450C9A-E60C-45F1-A43E-1EF74493CF87}.Release|x64.ActiveCfg = Release|Any CPU
		{71450C9A-E60C-45F1-A43E-1EF74493CF87}.Release|x64.Build.0 = Release|Any CPU
		{71450C9A-E60C-45F1-A43E-1EF74493CF87}.Release|x86.ActiveCfg = Release|Any CPU
		{71450C9A-E60C-45F1-A43E-1EF74493CF87}.Release|x86.Build.0 = Release|Any CPU
		{A629F37F-9FA6-4889-8690-D4D51D4DB96C}.Debug|Any CPU.ActiveCfg = Debug|Any CPU
		{A629F37F-9FA6-4889-8690-D4D51D4DB96C}.Debug|Any CPU.Build.0 = Debug|Any CPU
		{A629F37F-9FA6-4889-8690-D4D51D4DB96C}.Debug|x64.ActiveCfg = Debug|Any CPU
		{A629F37F-9FA6-4889-8690-D4D51D4DB96C}.Debug|x64.Build.0 = Debug|Any CPU
		{A629F37F-9FA6-4889-8690-D4D51D4DB96C}.Debug|x86.ActiveCfg = Debug|Any CPU
		{A629F37F-9FA6-4889-8690-D4D51D4DB96C}.Debug|x86.Build.0 = Debug|Any CPU
		{A629F37F-9FA6-4889-8690-D4D51D4DB96C}.Release|Any CPU.ActiveCfg = Release|Any CPU
		{A629F37F-9FA6-4889-8690-D4D51D4DB96C}.Release|Any CPU.Build.0 = Release|Any CPU
		{A629F37F-9FA6-4889-8690-D4D51D4DB96C}.Release|x64.ActiveCfg = Release|Any CPU
		{A629F37F-9FA6-4889-8690-D4D51D4DB96C}.Release|x64.Build.0 = Release|Any CPU
		{A629F37F-9FA6-4889-8690-D4D51D4DB96C}.Release|x86.ActiveCfg = Release|Any CPU
		{A629F37F-9FA6-4889-8690-D4D51D4DB96C}.Release|x86.Build.0 = Release|Any CPU
		{02AADBE4-F8E3-430A-A677-1DABE20D88BF}.Debug|Any CPU.ActiveCfg = Debug|Any CPU
		{02AADBE4-F8E3-430A-A677-1DABE20D88BF}.Debug|Any CPU.Build.0 = Debug|Any CPU
		{02AADBE4-F8E3-430A-A677-1DABE20D88BF}.Debug|x64.ActiveCfg = Debug|Any CPU
		{02AADBE4-F8E3-430A-A677-1DABE20D88BF}.Debug|x64.Build.0 = Debug|Any CPU
		{02AADBE4-F8E3-430A-A677-1DABE20D88BF}.Debug|x86.ActiveCfg = Debug|Any CPU
		{02AADBE4-F8E3-430A-A677-1DABE20D88BF}.Debug|x86.Build.0 = Debug|Any CPU
		{02AADBE4-F8E3-430A-A677-1DABE20D88BF}.Release|Any CPU.ActiveCfg = Release|Any CPU
		{02AADBE4-F8E3-430A-A677-1DABE20D88BF}.Release|Any CPU.Build.0 = Release|Any CPU
		{02AADBE4-F8E3-430A-A677-1DABE20D88BF}.Release|x64.ActiveCfg = Release|Any CPU
		{02AADBE4-F8E3-430A-A677-1DABE20D88BF}.Release|x64.Build.0 = Release|Any CPU
		{02AADBE4-F8E3-430A-A677-1DABE20D88BF}.Release|x86.ActiveCfg = Release|Any CPU
		{02AADBE4-F8E3-430A-A677-1DABE20D88BF}.Release|x86.Build.0 = Release|Any CPU
		{0C0B8B6D-D802-4BC5-911F-1CCFF532451E}.Debug|Any CPU.ActiveCfg = Debug|Any CPU
		{0C0B8B6D-D802-4BC5-911F-1CCFF532451E}.Debug|Any CPU.Build.0 = Debug|Any CPU
		{0C0B8B6D-D802-4BC5-911F-1CCFF532451E}.Debug|x64.ActiveCfg = Debug|Any CPU
		{0C0B8B6D-D802-4BC5-911F-1CCFF532451E}.Debug|x64.Build.0 = Debug|Any CPU
		{0C0B8B6D-D802-4BC5-911F-1CCFF532451E}.Debug|x86.ActiveCfg = Debug|Any CPU
		{0C0B8B6D-D802-4BC5-911F-1CCFF532451E}.Debug|x86.Build.0 = Debug|Any CPU
		{0C0B8B6D-D802-4BC5-911F-1CCFF532451E}.Release|Any CPU.ActiveCfg = Release|Any CPU
		{0C0B8B6D-D802-4BC5-911F-1CCFF532451E}.Release|Any CPU.Build.0 = Release|Any CPU
		{0C0B8B6D-D802-4BC5-911F-1CCFF532451E}.Release|x64.ActiveCfg = Release|Any CPU
		{0C0B8B6D-D802-4BC5-911F-1CCFF532451E}.Release|x64.Build.0 = Release|Any CPU
		{0C0B8B6D-D802-4BC5-911F-1CCFF532451E}.Release|x86.ActiveCfg = Release|Any CPU
		{0C0B8B6D-D802-4BC5-911F-1CCFF532451E}.Release|x86.Build.0 = Release|Any CPU
	EndGlobalSection
	GlobalSection(SolutionProperties) = preSolution
		HideSolutionNode = FALSE
	EndGlobalSection
	GlobalSection(NestedProjects) = preSolution
		{4DDE69D6-9117-4D5E-8D2E-0597889AF2E0} = {827E0CD3-B72D-47B6-A68D-7590B98EB39B}
		{8ACB41D5-5054-49F6-AB49-7DDB10365BD2} = {827E0CD3-B72D-47B6-A68D-7590B98EB39B}
		{E5BEF94F-173B-4285-BBBA-62412D65B7EF} = {827E0CD3-B72D-47B6-A68D-7590B98EB39B}
		{49A5CF08-540A-4775-A888-0CF97EF31600} = {827E0CD3-B72D-47B6-A68D-7590B98EB39B}
		{8C6DC941-0EF6-48D3-ACB2-CF2D870517C3} = {827E0CD3-B72D-47B6-A68D-7590B98EB39B}
		{939F7153-BEC4-456F-97C2-3655E0A3D6C2} = {827E0CD3-B72D-47B6-A68D-7590B98EB39B}
		{1D06621E-0C73-4AD4-8F4C-F80B907F60AD} = {827E0CD3-B72D-47B6-A68D-7590B98EB39B}
		{1C97B7A6-31B3-455D-BCDB-DD7FED4611D7} = {827E0CD3-B72D-47B6-A68D-7590B98EB39B}
		{71450C9A-E60C-45F1-A43E-1EF74493CF87} = {827E0CD3-B72D-47B6-A68D-7590B98EB39B}
		{A629F37F-9FA6-4889-8690-D4D51D4DB96C} = {0AB3BF05-4346-4AA6-1389-037BE0695223}
		{02AADBE4-F8E3-430A-A677-1DABE20D88BF} = {0AB3BF05-4346-4AA6-1389-037BE0695223}
		{0C0B8B6D-D802-4BC5-911F-1CCFF532451E} = {0AB3BF05-4346-4AA6-1389-037BE0695223}
	EndGlobalSection
EndGlobal
