
Microsoft Visual Studio Solution File, Format Version 12.00
# Visual Studio Version 17
VisualStudioVersion = 17.0.31903.59
MinimumVisualStudioVersion = 10.0.40219.1
Project("{2150E333-8FDC-42A3-9474-1A3956D46DE8}") = "src", "src", "{827E0CD3-B72D-47B6-A68D-7590B98EB39B}"
EndProject
Project("{FAE04EC0-301F-11D3-BF4B-00C04F79EFBC}") = "CargoTracker.Web", "src\CargoTracker.Web\CargoTracker.Web.csproj", "{7D5CEFF6-F911-4217-894D-B87D137F5A1A}"
EndProject
Project("{2150E333-8FDC-42A3-9474-1A3956D46DE8}") = "tests", "tests", "{0AB3BF05-4346-4AA6-1389-037BE0695223}"
EndProject
Project("{FAE04EC0-301F-11D3-BF4B-00C04F79EFBC}") = "CargoTracker.Application.Tests", "tests\CargoTracker.Application.Tests\CargoTracker.Application.Tests.csproj", "{3519EC6F-CF1C-494B-A326-D3524D27BDD8}"
EndProject
Project("{FAE04EC0-301F-11D3-BF4B-00C04F79EFBC}") = "CargoTracker.Architecture.Tests", "tests\CargoTracker.Architecture.Tests\CargoTracker.Architecture.Tests.csproj", "{D55F336E-6D28-4085-93CB-464D6361CFA8}"
EndProject
Project("{FAE04EC0-301F-11D3-BF4B-00C04F79EFBC}") = "CargoTracker.Domain.Tests", "tests\CargoTracker.Domain.Tests\CargoTracker.Domain.Tests.csproj", "{CA9A0916-4E9A-4FC8-ABF4-754633A16932}"
EndProject
Project("{FAE04EC0-301F-11D3-BF4B-00C04F79EFBC}") = "CargoTracker.Infrastructure.Tests", "tests\CargoTracker.Infrastructure.Tests\CargoTracker.Infrastructure.Tests.csproj", "{F823500F-3420-4C11-89BF-C66D5B366050}"
EndProject
Project("{FAE04EC0-301F-11D3-BF4B-00C04F79EFBC}") = "CargoTracker.Web.Tests", "tests\CargoTracker.Web.Tests\CargoTracker.Web.Tests.csproj", "{939A1EF1-3910-4574-AD54-009C9A2D2DF5}"
EndProject
Global
	GlobalSection(SolutionConfigurationPlatforms) = preSolution
		Debug|Any CPU = Debug|Any CPU
		Debug|x64 = Debug|x64
		Debug|x86 = Debug|x86
		Release|Any CPU = Release|Any CPU
		Release|x64 = Release|x64
		Release|x86 = Release|x86
	EndGlobalSection
	GlobalSection(ProjectConfigurationPlatforms) = postSolution
		{7D5CEFF6-F911-4217-894D-B87D137F5A1A}.Debug|Any CPU.ActiveCfg = Debug|Any CPU
		{7D5CEFF6-F911-4217-894D-B87D137F5A1A}.Debug|Any CPU.Build.0 = Debug|Any CPU
		{7D5CEFF6-F911-4217-894D-B87D137F5A1A}.Debug|x64.ActiveCfg = Debug|Any CPU
		{7D5CEFF6-F911-4217-894D-B87D137F5A1A}.Debug|x64.Build.0 = Debug|Any CPU
		{7D5CEFF6-F911-4217-894D-B87D137F5A1A}.Debug|x86.ActiveCfg = Debug|Any CPU
		{7D5CEFF6-F911-4217-894D-B87D137F5A1A}.Debug|x86.Build.0 = Debug|Any CPU
		{7D5CEFF6-F911-4217-894D-B87D137F5A1A}.Release|Any CPU.ActiveCfg = Release|Any CPU
		{7D5CEFF6-F911-4217-894D-B87D137F5A1A}.Release|Any CPU.Build.0 = Release|Any CPU
		{7D5CEFF6-F911-4217-894D-B87D137F5A1A}.Release|x64.ActiveCfg = Release|Any CPU
		{7D5CEFF6-F911-4217-894D-B87D137F5A1A}.Release|x64.Build.0 = Release|Any CPU
		{7D5CEFF6-F911-4217-894D-B87D137F5A1A}.Release|x86.ActiveCfg = Release|Any CPU
		{7D5CEFF6-F911-4217-894D-B87D137F5A1A}.Release|x86.Build.0 = Release|Any CPU
		{3519EC6F-CF1C-494B-A326-D3524D27BDD8}.Debug|Any CPU.ActiveCfg = Debug|Any CPU
		{3519EC6F-CF1C-494B-A326-D3524D27BDD8}.Debug|Any CPU.Build.0 = Debug|Any CPU
		{3519EC6F-CF1C-494B-A326-D3524D27BDD8}.Debug|x64.ActiveCfg = Debug|Any CPU
		{3519EC6F-CF1C-494B-A326-D3524D27BDD8}.Debug|x64.Build.0 = Debug|Any CPU
		{3519EC6F-CF1C-494B-A326-D3524D27BDD8}.Debug|x86.ActiveCfg = Debug|Any CPU
		{3519EC6F-CF1C-494B-A326-D3524D27BDD8}.Debug|x86.Build.0 = Debug|Any CPU
		{3519EC6F-CF1C-494B-A326-D3524D27BDD8}.Release|Any CPU.ActiveCfg = Release|Any CPU
		{3519EC6F-CF1C-494B-A326-D3524D27BDD8}.Release|Any CPU.Build.0 = Release|Any CPU
		{3519EC6F-CF1C-494B-A326-D3524D27BDD8}.Release|x64.ActiveCfg = Release|Any CPU
		{3519EC6F-CF1C-494B-A326-D3524D27BDD8}.Release|x64.Build.0 = Release|Any CPU
		{3519EC6F-CF1C-494B-A326-D3524D27BDD8}.Release|x86.ActiveCfg = Release|Any CPU
		{3519EC6F-CF1C-494B-A326-D3524D27BDD8}.Release|x86.Build.0 = Release|Any CPU
		{D55F336E-6D28-4085-93CB-464D6361CFA8}.Debug|Any CPU.ActiveCfg = Debug|Any CPU
		{D55F336E-6D28-4085-93CB-464D6361CFA8}.Debug|Any CPU.Build.0 = Debug|Any CPU
		{D55F336E-6D28-4085-93CB-464D6361CFA8}.Debug|x64.ActiveCfg = Debug|Any CPU
		{D55F336E-6D28-4085-93CB-464D6361CFA8}.Debug|x64.Build.0 = Debug|Any CPU
		{D55F336E-6D28-4085-93CB-464D6361CFA8}.Debug|x86.ActiveCfg = Debug|Any CPU
		{D55F336E-6D28-4085-93CB-464D6361CFA8}.Debug|x86.Build.0 = Debug|Any CPU
		{D55F336E-6D28-4085-93CB-464D6361CFA8}.Release|Any CPU.ActiveCfg = Release|Any CPU
		{D55F336E-6D28-4085-93CB-464D6361CFA8}.Release|Any CPU.Build.0 = Release|Any CPU
		{D55F336E-6D28-4085-93CB-464D6361CFA8}.Release|x64.ActiveCfg = Release|Any CPU
		{D55F336E-6D28-4085-93CB-464D6361CFA8}.Release|x64.Build.0 = Release|Any CPU
		{D55F336E-6D28-4085-93CB-464D6361CFA8}.Release|x86.ActiveCfg = Release|Any CPU
		{D55F336E-6D28-4085-93CB-464D6361CFA8}.Release|x86.Build.0 = Release|Any CPU
		{CA9A0916-4E9A-4FC8-ABF4-754633A16932}.Debug|Any CPU.ActiveCfg = Debug|Any CPU
		{CA9A0916-4E9A-4FC8-ABF4-754633A16932}.Debug|Any CPU.Build.0 = Debug|Any CPU
		{CA9A0916-4E9A-4FC8-ABF4-754633A16932}.Debug|x64.ActiveCfg = Debug|Any CPU
		{CA9A0916-4E9A-4FC8-ABF4-754633A16932}.Debug|x64.Build.0 = Debug|Any CPU
		{CA9A0916-4E9A-4FC8-ABF4-754633A16932}.Debug|x86.ActiveCfg = Debug|Any CPU
		{CA9A0916-4E9A-4FC8-ABF4-754633A16932}.Debug|x86.Build.0 = Debug|Any CPU
		{CA9A0916-4E9A-4FC8-ABF4-754633A16932}.Release|Any CPU.ActiveCfg = Release|Any CPU
		{CA9A0916-4E9A-4FC8-ABF4-754633A16932}.Release|Any CPU.Build.0 = Release|Any CPU
		{CA9A0916-4E9A-4FC8-ABF4-754633A16932}.Release|x64.ActiveCfg = Release|Any CPU
		{CA9A0916-4E9A-4FC8-ABF4-754633A16932}.Release|x64.Build.0 = Release|Any CPU
		{CA9A0916-4E9A-4FC8-ABF4-754633A16932}.Release|x86.ActiveCfg = Release|Any CPU
		{CA9A0916-4E9A-4FC8-ABF4-754633A16932}.Release|x86.Build.0 = Release|Any CPU
		{F823500F-3420-4C11-89BF-C66D5B366050}.Debug|Any CPU.ActiveCfg = Debug|Any CPU
		{F823500F-3420-4C11-89BF-C66D5B366050}.Debug|Any CPU.Build.0 = Debug|Any CPU
		{F823500F-3420-4C11-89BF-C66D5B366050}.Debug|x64.ActiveCfg = Debug|Any CPU
		{F823500F-3420-4C11-89BF-C66D5B366050}.Debug|x64.Build.0 = Debug|Any CPU
		{F823500F-3420-4C11-89BF-C66D5B366050}.Debug|x86.ActiveCfg = Debug|Any CPU
		{F823500F-3420-4C11-89BF-C66D5B366050}.Debug|x86.Build.0 = Debug|Any CPU
		{F823500F-3420-4C11-89BF-C66D5B366050}.Release|Any CPU.ActiveCfg = Release|Any CPU
		{F823500F-3420-4C11-89BF-C66D5B366050}.Release|Any CPU.Build.0 = Release|Any CPU
		{F823500F-3420-4C11-89BF-C66D5B366050}.Release|x64.ActiveCfg = Release|Any CPU
		{F823500F-3420-4C11-89BF-C66D5B366050}.Release|x64.Build.0 = Release|Any CPU
		{F823500F-3420-4C11-89BF-C66D5B366050}.Release|x86.ActiveCfg = Release|Any CPU
		{F823500F-3420-4C11-89BF-C66D5B366050}.Release|x86.Build.0 = Release|Any CPU
		{939A1EF1-3910-4574-AD54-009C9A2D2DF5}.Debug|Any CPU.ActiveCfg = Debug|Any CPU
		{939A1EF1-3910-4574-AD54-009C9A2D2DF5}.Debug|Any CPU.Build.0 = Debug|Any CPU
		{939A1EF1-3910-4574-AD54-009C9A2D2DF5}.Debug|x64.ActiveCfg = Debug|Any CPU
		{939A1EF1-3910-4574-AD54-009C9A2D2DF5}.Debug|x64.Build.0 = Debug|Any CPU
		{939A1EF1-3910-4574-AD54-009C9A2D2DF5}.Debug|x86.ActiveCfg = Debug|Any CPU
		{939A1EF1-3910-4574-AD54-009C9A2D2DF5}.Debug|x86.Build.0 = Debug|Any CPU
		{939A1EF1-3910-4574-AD54-009C9A2D2DF5}.Release|Any CPU.ActiveCfg = Release|Any CPU
		{939A1EF1-3910-4574-AD54-009C9A2D2DF5}.Release|Any CPU.Build.0 = Release|Any CPU
		{939A1EF1-3910-4574-AD54-009C9A2D2DF5}.Release|x64.ActiveCfg = Release|Any CPU
		{939A1EF1-3910-4574-AD54-009C9A2D2DF5}.Release|x64.Build.0 = Release|Any CPU
		{939A1EF1-3910-4574-AD54-009C9A2D2DF5}.Release|x86.ActiveCfg = Release|Any CPU
		{939A1EF1-3910-4574-AD54-009C9A2D2DF5}.Release|x86.Build.0 = Release|Any CPU
	EndGlobalSection
	GlobalSection(SolutionProperties) = preSolution
		HideSolutionNode = FALSE
	EndGlobalSection
	GlobalSection(NestedProjects) = preSolution
		{7D5CEFF6-F911-4217-894D-B87D137F5A1A} = {827E0CD3-B72D-47B6-A68D-7590B98EB39B}
		{3519EC6F-CF1C-494B-A326-D3524D27BDD8} = {0AB3BF05-4346-4AA6-1389-037BE0695223}
		{D55F336E-6D28-4085-93CB-464D6361CFA8} = {0AB3BF05-4346-4AA6-1389-037BE0695223}
		{CA9A0916-4E9A-4FC8-ABF4-754633A16932} = {0AB3BF05-4346-4AA6-1389-037BE0695223}
		{F823500F-3420-4C11-89BF-C66D5B366050} = {0AB3BF05-4346-4AA6-1389-037BE0695223}
		{939A1EF1-3910-4574-AD54-009C9A2D2DF5} = {0AB3BF05-4346-4AA6-1389-037BE0695223}
	EndGlobalSection
EndGlobal
