
Microsoft Visual Studio Solution File, Format Version 12.00
# Visual Studio Version 17
VisualStudioVersion = 17.0.31903.59
MinimumVisualStudioVersion = 10.0.40219.1
Project("{2150E333-8FDC-42A3-9474-1A3956D46DE8}") = "src", "src", "{827E0CD3-B72D-47B6-A68D-7590B98EB39B}"
EndProject
Project("{FAE04EC0-301F-11D3-BF4B-00C04F79EFBC}") = "CargoTracker.Application", "src\CargoTracker.Application\CargoTracker.Application.csproj", "{EAACCAB8-D1F9-4F00-A4CF-6CF7A15C87DC}"
EndProject
Project("{FAE04EC0-301F-11D3-BF4B-00C04F79EFBC}") = "CargoTracker.Domain", "src\CargoTracker.Domain\CargoTracker.Domain.csproj", "{89C75439-ECAF-41B0-A86D-4B65EA6F2C41}"
EndProject
Project("{FAE04EC0-301F-11D3-BF4B-00C04F79EFBC}") = "CargoTracker.Infrastructure", "src\CargoTracker.Infrastructure\CargoTracker.Infrastructure.csproj", "{5A763CBE-B1F2-4776-ADAF-2BB8BC2FE52E}"
EndProject
Project("{FAE04EC0-301F-11D3-BF4B-00C04F79EFBC}") = "CargoTracker.Web", "src\CargoTracker.Web\CargoTracker.Web.csproj", "{436A63C0-2ED2-4615-BEBD-CACCE25F34BC}"
EndProject
Project("{2150E333-8FDC-42A3-9474-1A3956D46DE8}") = "tests", "tests", "{0AB3BF05-4346-4AA6-1389-037BE0695223}"
EndProject
Project("{FAE04EC0-301F-11D3-BF4B-00C04F79EFBC}") = "CargoTracker.Application.Tests", "tests\CargoTracker.Application.Tests\CargoTracker.Application.Tests.csproj", "{B5DB76F3-1B79-426C-9DFC-57559C5F994B}"
EndProject
Project("{FAE04EC0-301F-11D3-BF4B-00C04F79EFBC}") = "CargoTracker.Architecture.Tests", "tests\CargoTracker.Architecture.Tests\CargoTracker.Architecture.Tests.csproj", "{08BFC9F1-AAA5-4912-80FD-E8CEF79F825E}"
EndProject
Project("{FAE04EC0-301F-11D3-BF4B-00C04F79EFBC}") = "CargoTracker.Domain.Tests", "tests\CargoTracker.Domain.Tests\CargoTracker.Domain.Tests.csproj", "{DD5B3FA8-E521-447C-B925-27F6FBF3332A}"
EndProject
Project("{FAE04EC0-301F-11D3-BF4B-00C04F79EFBC}") = "CargoTracker.Infrastructure.Tests", "tests\CargoTracker.Infrastructure.Tests\CargoTracker.Infrastructure.Tests.csproj", "{959B1688-8703-4A74-B698-4511608AD4D9}"
EndProject
Project("{FAE04EC0-301F-11D3-BF4B-00C04F79EFBC}") = "CargoTracker.Web.Tests", "tests\CargoTracker.Web.Tests\CargoTracker.Web.Tests.csproj", "{32C6054B-A71E-4FAB-8443-1CB8B0B5F5C3}"
EndProject
Global
	GlobalSection(SolutionConfigurationPlatforms) = preSolution
		Debug|Any CPU = Debug|Any CPU
		Debug|x64 = Debug|x64
		Debug|x86 = Debug|x86
		Release|Any CPU = Release|Any CPU
		Release|x64 = Release|x64
		Release|x86 = Release|x86
	EndGlobalSection
	GlobalSection(ProjectConfigurationPlatforms) = postSolution
		{EAACCAB8-D1F9-4F00-A4CF-6CF7A15C87DC}.Debug|Any CPU.ActiveCfg = Debug|Any CPU
		{EAACCAB8-D1F9-4F00-A4CF-6CF7A15C87DC}.Debug|Any CPU.Build.0 = Debug|Any CPU
		{EAACCAB8-D1F9-4F00-A4CF-6CF7A15C87DC}.Debug|x64.ActiveCfg = Debug|Any CPU
		{EAACCAB8-D1F9-4F00-A4CF-6CF7A15C87DC}.Debug|x64.Build.0 = Debug|Any CPU
		{EAACCAB8-D1F9-4F00-A4CF-6CF7A15C87DC}.Debug|x86.ActiveCfg = Debug|Any CPU
		{EAACCAB8-D1F9-4F00-A4CF-6CF7A15C87DC}.Debug|x86.Build.0 = Debug|Any CPU
		{EAACCAB8-D1F9-4F00-A4CF-6CF7A15C87DC}.Release|Any CPU.ActiveCfg = Release|Any CPU
		{EAACCAB8-D1F9-4F00-A4CF-6CF7A15C87DC}.Release|Any CPU.Build.0 = Release|Any CPU
		{EAACCAB8-D1F9-4F00-A4CF-6CF7A15C87DC}.Release|x64.ActiveCfg = Release|Any CPU
		{EAACCAB8-D1F9-4F00-A4CF-6CF7A15C87DC}.Release|x64.Build.0 = Release|Any CPU
		{EAACCAB8-D1F9-4F00-A4CF-6CF7A15C87DC}.Release|x86.ActiveCfg = Release|Any CPU
		{EAACCAB8-D1F9-4F00-A4CF-6CF7A15C87DC}.Release|x86.Build.0 = Release|Any CPU
		{89C75439-ECAF-41B0-A86D-4B65EA6F2C41}.Debug|Any CPU.ActiveCfg = Debug|Any CPU
		{89C75439-ECAF-41B0-A86D-4B65EA6F2C41}.Debug|Any CPU.Build.0 = Debug|Any CPU
		{89C75439-ECAF-41B0-A86D-4B65EA6F2C41}.Debug|x64.ActiveCfg = Debug|Any CPU
		{89C75439-ECAF-41B0-A86D-4B65EA6F2C41}.Debug|x64.Build.0 = Debug|Any CPU
		{89C75439-ECAF-41B0-A86D-4B65EA6F2C41}.Debug|x86.ActiveCfg = Debug|Any CPU
		{89C75439-ECAF-41B0-A86D-4B65EA6F2C41}.Debug|x86.Build.0 = Debug|Any CPU
		{89C75439-ECAF-41B0-A86D-4B65EA6F2C41}.Release|Any CPU.ActiveCfg = Release|Any CPU
		{89C75439-ECAF-41B0-A86D-4B65EA6F2C41}.Release|Any CPU.Build.0 = Release|Any CPU
		{89C75439-ECAF-41B0-A86D-4B65EA6F2C41}.Release|x64.ActiveCfg = Release|Any CPU
		{89C75439-ECAF-41B0-A86D-4B65EA6F2C41}.Release|x64.Build.0 = Release|Any CPU
		{89C75439-ECAF-41B0-A86D-4B65EA6F2C41}.Release|x86.ActiveCfg = Release|Any CPU
		{89C75439-ECAF-41B0-A86D-4B65EA6F2C41}.Release|x86.Build.0 = Release|Any CPU
		{5A763CBE-B1F2-4776-ADAF-2BB8BC2FE52E}.Debug|Any CPU.ActiveCfg = Debug|Any CPU
		{5A763CBE-B1F2-4776-ADAF-2BB8BC2FE52E}.Debug|Any CPU.Build.0 = Debug|Any CPU
		{5A763CBE-B1F2-4776-ADAF-2BB8BC2FE52E}.Debug|x64.ActiveCfg = Debug|Any CPU
		{5A763CBE-B1F2-4776-ADAF-2BB8BC2FE52E}.Debug|x64.Build.0 = Debug|Any CPU
		{5A763CBE-B1F2-4776-ADAF-2BB8BC2FE52E}.Debug|x86.ActiveCfg = Debug|Any CPU
		{5A763CBE-B1F2-4776-ADAF-2BB8BC2FE52E}.Debug|x86.Build.0 = Debug|Any CPU
		{5A763CBE-B1F2-4776-ADAF-2BB8BC2FE52E}.Release|Any CPU.ActiveCfg = Release|Any CPU
		{5A763CBE-B1F2-4776-ADAF-2BB8BC2FE52E}.Release|Any CPU.Build.0 = Release|Any CPU
		{5A763CBE-B1F2-4776-ADAF-2BB8BC2FE52E}.Release|x64.ActiveCfg = Release|Any CPU
		{5A763CBE-B1F2-4776-ADAF-2BB8BC2FE52E}.Release|x64.Build.0 = Release|Any CPU
		{5A763CBE-B1F2-4776-ADAF-2BB8BC2FE52E}.Release|x86.ActiveCfg = Release|Any CPU
		{5A763CBE-B1F2-4776-ADAF-2BB8BC2FE52E}.Release|x86.Build.0 = Release|Any CPU
		{436A63C0-2ED2-4615-BEBD-CACCE25F34BC}.Debug|Any CPU.ActiveCfg = Debug|Any CPU
		{436A63C0-2ED2-4615-BEBD-CACCE25F34BC}.Debug|Any CPU.Build.0 = Debug|Any CPU
		{436A63C0-2ED2-4615-BEBD-CACCE25F34BC}.Debug|x64.ActiveCfg = Debug|Any CPU
		{436A63C0-2ED2-4615-BEBD-CACCE25F34BC}.Debug|x64.Build.0 = Debug|Any CPU
		{436A63C0-2ED2-4615-BEBD-CACCE25F34BC}.Debug|x86.ActiveCfg = Debug|Any CPU
		{436A63C0-2ED2-4615-BEBD-CACCE25F34BC}.Debug|x86.Build.0 = Debug|Any CPU
		{436A63C0-2ED2-4615-BEBD-CACCE25F34BC}.Release|Any CPU.ActiveCfg = Release|Any CPU
		{436A63C0-2ED2-4615-BEBD-CACCE25F34BC}.Release|Any CPU.Build.0 = Release|Any CPU
		{436A63C0-2ED2-4615-BEBD-CACCE25F34BC}.Release|x64.ActiveCfg = Release|Any CPU
		{436A63C0-2ED2-4615-BEBD-CACCE25F34BC}.Release|x64.Build.0 = Release|Any CPU
		{436A63C0-2ED2-4615-BEBD-CACCE25F34BC}.Release|x86.ActiveCfg = Release|Any CPU
		{436A63C0-2ED2-4615-BEBD-CACCE25F34BC}.Release|x86.Build.0 = Release|Any CPU
		{B5DB76F3-1B79-426C-9DFC-57559C5F994B}.Debug|Any CPU.ActiveCfg = Debug|Any CPU
		{B5DB76F3-1B79-426C-9DFC-57559C5F994B}.Debug|Any CPU.Build.0 = Debug|Any CPU
		{B5DB76F3-1B79-426C-9DFC-57559C5F994B}.Debug|x64.ActiveCfg = Debug|Any CPU
		{B5DB76F3-1B79-426C-9DFC-57559C5F994B}.Debug|x64.Build.0 = Debug|Any CPU
		{B5DB76F3-1B79-426C-9DFC-57559C5F994B}.Debug|x86.ActiveCfg = Debug|Any CPU
		{B5DB76F3-1B79-426C-9DFC-57559C5F994B}.Debug|x86.Build.0 = Debug|Any CPU
		{B5DB76F3-1B79-426C-9DFC-57559C5F994B}.Release|Any CPU.ActiveCfg = Release|Any CPU
		{B5DB76F3-1B79-426C-9DFC-57559C5F994B}.Release|Any CPU.Build.0 = Release|Any CPU
		{B5DB76F3-1B79-426C-9DFC-57559C5F994B}.Release|x64.ActiveCfg = Release|Any CPU
		{B5DB76F3-1B79-426C-9DFC-57559C5F994B}.Release|x64.Build.0 = Release|Any CPU
		{B5DB76F3-1B79-426C-9DFC-57559C5F994B}.Release|x86.ActiveCfg = Release|Any CPU
		{B5DB76F3-1B79-426C-9DFC-57559C5F994B}.Release|x86.Build.0 = Release|Any CPU
		{08BFC9F1-AAA5-4912-80FD-E8CEF79F825E}.Debug|Any CPU.ActiveCfg = Debug|Any CPU
		{08BFC9F1-AAA5-4912-80FD-E8CEF79F825E}.Debug|Any CPU.Build.0 = Debug|Any CPU
		{08BFC9F1-AAA5-4912-80FD-E8CEF79F825E}.Debug|x64.ActiveCfg = Debug|Any CPU
		{08BFC9F1-AAA5-4912-80FD-E8CEF79F825E}.Debug|x64.Build.0 = Debug|Any CPU
		{08BFC9F1-AAA5-4912-80FD-E8CEF79F825E}.Debug|x86.ActiveCfg = Debug|Any CPU
		{08BFC9F1-AAA5-4912-80FD-E8CEF79F825E}.Debug|x86.Build.0 = Debug|Any CPU
		{08BFC9F1-AAA5-4912-80FD-E8CEF79F825E}.Release|Any CPU.ActiveCfg = Release|Any CPU
		{08BFC9F1-AAA5-4912-80FD-E8CEF79F825E}.Release|Any CPU.Build.0 = Release|Any CPU
		{08BFC9F1-AAA5-4912-80FD-E8CEF79F825E}.Release|x64.ActiveCfg = Release|Any CPU
		{08BFC9F1-AAA5-4912-80FD-E8CEF79F825E}.Release|x64.Build.0 = Release|Any CPU
		{08BFC9F1-AAA5-4912-80FD-E8CEF79F825E}.Release|x86.ActiveCfg = Release|Any CPU
		{08BFC9F1-AAA5-4912-80FD-E8CEF79F825E}.Release|x86.Build.0 = Release|Any CPU
		{DD5B3FA8-E521-447C-B925-27F6FBF3332A}.Debug|Any CPU.ActiveCfg = Debug|Any CPU
		{DD5B3FA8-E521-447C-B925-27F6FBF3332A}.Debug|Any CPU.Build.0 = Debug|Any CPU
		{DD5B3FA8-E521-447C-B925-27F6FBF3332A}.Debug|x64.ActiveCfg = Debug|Any CPU
		{DD5B3FA8-E521-447C-B925-27F6FBF3332A}.Debug|x64.Build.0 = Debug|Any CPU
		{DD5B3FA8-E521-447C-B925-27F6FBF3332A}.Debug|x86.ActiveCfg = Debug|Any CPU
		{DD5B3FA8-E521-447C-B925-27F6FBF3332A}.Debug|x86.Build.0 = Debug|Any CPU
		{DD5B3FA8-E521-447C-B925-27F6FBF3332A}.Release|Any CPU.ActiveCfg = Release|Any CPU
		{DD5B3FA8-E521-447C-B925-27F6FBF3332A}.Release|Any CPU.Build.0 = Release|Any CPU
		{DD5B3FA8-E521-447C-B925-27F6FBF3332A}.Release|x64.ActiveCfg = Release|Any CPU
		{DD5B3FA8-E521-447C-B925-27F6FBF3332A}.Release|x64.Build.0 = Release|Any CPU
		{DD5B3FA8-E521-447C-B925-27F6FBF3332A}.Release|x86.ActiveCfg = Release|Any CPU
		{DD5B3FA8-E521-447C-B925-27F6FBF3332A}.Release|x86.Build.0 = Release|Any CPU
		{959B1688-8703-4A74-B698-4511608AD4D9}.Debug|Any CPU.ActiveCfg = Debug|Any CPU
		{959B1688-8703-4A74-B698-4511608AD4D9}.Debug|Any CPU.Build.0 = Debug|Any CPU
		{959B1688-8703-4A74-B698-4511608AD4D9}.Debug|x64.ActiveCfg = Debug|Any CPU
		{959B1688-8703-4A74-B698-4511608AD4D9}.Debug|x64.Build.0 = Debug|Any CPU
		{959B1688-8703-4A74-B698-4511608AD4D9}.Debug|x86.ActiveCfg = Debug|Any CPU
		{959B1688-8703-4A74-B698-4511608AD4D9}.Debug|x86.Build.0 = Debug|Any CPU
		{959B1688-8703-4A74-B698-4511608AD4D9}.Release|Any CPU.ActiveCfg = Release|Any CPU
		{959B1688-8703-4A74-B698-4511608AD4D9}.Release|Any CPU.Build.0 = Release|Any CPU
		{959B1688-8703-4A74-B698-4511608AD4D9}.Release|x64.ActiveCfg = Release|Any CPU
		{959B1688-8703-4A74-B698-4511608AD4D9}.Release|x64.Build.0 = Release|Any CPU
		{959B1688-8703-4A74-B698-4511608AD4D9}.Release|x86.ActiveCfg = Release|Any CPU
		{959B1688-8703-4A74-B698-4511608AD4D9}.Release|x86.Build.0 = Release|Any CPU
		{32C6054B-A71E-4FAB-8443-1CB8B0B5F5C3}.Debug|Any CPU.ActiveCfg = Debug|Any CPU
		{32C6054B-A71E-4FAB-8443-1CB8B0B5F5C3}.Debug|Any CPU.Build.0 = Debug|Any CPU
		{32C6054B-A71E-4FAB-8443-1CB8B0B5F5C3}.Debug|x64.ActiveCfg = Debug|Any CPU
		{32C6054B-A71E-4FAB-8443-1CB8B0B5F5C3}.Debug|x64.Build.0 = Debug|Any CPU
		{32C6054B-A71E-4FAB-8443-1CB8B0B5F5C3}.Debug|x86.ActiveCfg = Debug|Any CPU
		{32C6054B-A71E-4FAB-8443-1CB8B0B5F5C3}.Debug|x86.Build.0 = Debug|Any CPU
		{32C6054B-A71E-4FAB-8443-1CB8B0B5F5C3}.Release|Any CPU.ActiveCfg = Release|Any CPU
		{32C6054B-A71E-4FAB-8443-1CB8B0B5F5C3}.Release|Any CPU.Build.0 = Release|Any CPU
		{32C6054B-A71E-4FAB-8443-1CB8B0B5F5C3}.Release|x64.ActiveCfg = Release|Any CPU
		{32C6054B-A71E-4FAB-8443-1CB8B0B5F5C3}.Release|x64.Build.0 = Release|Any CPU
		{32C6054B-A71E-4FAB-8443-1CB8B0B5F5C3}.Release|x86.ActiveCfg = Release|Any CPU
		{32C6054B-A71E-4FAB-8443-1CB8B0B5F5C3}.Release|x86.Build.0 = Release|Any CPU
	EndGlobalSection
	GlobalSection(SolutionProperties) = preSolution
		HideSolutionNode = FALSE
	EndGlobalSection
	GlobalSection(NestedProjects) = preSolution
		{EAACCAB8-D1F9-4F00-A4CF-6CF7A15C87DC} = {827E0CD3-B72D-47B6-A68D-7590B98EB39B}
		{89C75439-ECAF-41B0-A86D-4B65EA6F2C41} = {827E0CD3-B72D-47B6-A68D-7590B98EB39B}
		{5A763CBE-B1F2-4776-ADAF-2BB8BC2FE52E} = {827E0CD3-B72D-47B6-A68D-7590B98EB39B}
		{436A63C0-2ED2-4615-BEBD-CACCE25F34BC} = {827E0CD3-B72D-47B6-A68D-7590B98EB39B}
		{B5DB76F3-1B79-426C-9DFC-57559C5F994B} = {0AB3BF05-4346-4AA6-1389-037BE0695223}
		{08BFC9F1-AAA5-4912-80FD-E8CEF79F825E} = {0AB3BF05-4346-4AA6-1389-037BE0695223}
		{DD5B3FA8-E521-447C-B925-27F6FBF3332A} = {0AB3BF05-4346-4AA6-1389-037BE0695223}
		{959B1688-8703-4A74-B698-4511608AD4D9} = {0AB3BF05-4346-4AA6-1389-037BE0695223}
		{32C6054B-A71E-4FAB-8443-1CB8B0B5F5C3} = {0AB3BF05-4346-4AA6-1389-037BE0695223}
	EndGlobalSection
EndGlobal
